
Microsoft Visual Studio Solution File, Format Version 12.00
# Visual Studio Version 16
VisualStudioVersion = 16.0.30717.126
MinimumVisualStudioVersion = 10.0.40219.1
Project("{9A19103F-16F7-4668-BE54-9A1E7A4F7556}") = "DataAnalyse", "DataAnalyse.csproj", "{1A3C10F2-DAF5-4643-AEB7-B7B69249DA81}"
EndProject
Global
	GlobalSection(SolutionConfigurationPlatforms) = preSolution
		Debug|Any CPU = Debug|Any CPU
		Release|Any CPU = Release|Any CPU
	EndGlobalSection
	GlobalSection(ProjectConfigurationPlatforms) = postSolution
		{1A3C10F2-DAF5-4643-AEB7-B7B69249DA81}.Debug|Any CPU.ActiveCfg = Debug|Any CPU
		{1A3C10F2-DAF5-4643-AEB7-B7B69249DA81}.Debug|Any CPU.Build.0 = Debug|Any CPU
		{1A3C10F2-DAF5-4643-AEB7-B7B69249DA81}.Release|Any CPU.ActiveCfg = Release|Any CPU
		{1A3C10F2-DAF5-4643-AEB7-B7B69249DA81}.Release|Any CPU.Build.0 = Release|Any CPU
	EndGlobalSection
	GlobalSection(SolutionProperties) = preSolution
		HideSolutionNode = FALSE
	EndGlobalSection
	GlobalSection(ExtensibilityGlobals) = postSolution
		SolutionGuid = {5A80152C-887C-4D16-8492-D25A3E3966CB}
	EndGlobalSection
EndGlobal
