
Microsoft Visual Studio Solution File, Format Version 12.00
# Visual Studio Version 16
VisualStudioVersion = 16.0.30717.126
MinimumVisualStudioVersion = 10.0.40219.1
Project("{9A19103F-16F7-4668-BE54-9A1E7A4F7556}") = "DataAnalyse.Net", "..\DataAnalyse.Net\DataAnalyse.Net.csproj", "{F2759316-CBB4-43ED-BE91-6DFCA96963AF}"
EndProject
Project("{9A19103F-16F7-4668-BE54-9A1E7A4F7556}") = "DataAnalyse", "DataAnalyse.csproj", "{3E953025-E747-43FA-A332-3861B28284D2}"
EndProject
Project("{9092AA53-FB77-4645-B42D-1CCCA6BD08BD}") = "DataAnalyse.Client", "..\DataClient.Client\DataAnalyse.Client.njsproj", "{CEC90526-DCA8-4CAA-B0D4-65C029E396DE}"
EndProject
Global
	GlobalSection(SolutionConfigurationPlatforms) = preSolution
		Debug|Any CPU = Debug|Any CPU
		Release|Any CPU = Release|Any CPU
	EndGlobalSection
	GlobalSection(ProjectConfigurationPlatforms) = postSolution
		{F2759316-CBB4-43ED-BE91-6DFCA96963AF}.Debug|Any CPU.ActiveCfg = Debug|Any CPU
		{F2759316-CBB4-43ED-BE91-6DFCA96963AF}.Debug|Any CPU.Build.0 = Debug|Any CPU
		{F2759316-CBB4-43ED-BE91-6DFCA96963AF}.Release|Any CPU.ActiveCfg = Release|Any CPU
		{F2759316-CBB4-43ED-BE91-6DFCA96963AF}.Release|Any CPU.Build.0 = Release|Any CPU
		{3E953025-E747-43FA-A332-3861B28284D2}.Debug|Any CPU.ActiveCfg = Debug|Any CPU
		{3E953025-E747-43FA-A332-3861B28284D2}.Debug|Any CPU.Build.0 = Debug|Any CPU
		{3E953025-E747-43FA-A332-3861B28284D2}.Release|Any CPU.ActiveCfg = Release|Any CPU
		{3E953025-E747-43FA-A332-3861B28284D2}.Release|Any CPU.Build.0 = Release|Any CPU
		{CEC90526-DCA8-4CAA-B0D4-65C029E396DE}.Debug|Any CPU.ActiveCfg = Debug|Any CPU
		{CEC90526-DCA8-4CAA-B0D4-65C029E396DE}.Debug|Any CPU.Build.0 = Debug|Any CPU
		{CEC90526-DCA8-4CAA-B0D4-65C029E396DE}.Release|Any CPU.ActiveCfg = Release|Any CPU
		{CEC90526-DCA8-4CAA-B0D4-65C029E396DE}.Release|Any CPU.Build.0 = Release|Any CPU
	EndGlobalSection
	GlobalSection(SolutionProperties) = preSolution
		HideSolutionNode = FALSE
	EndGlobalSection
	GlobalSection(ExtensibilityGlobals) = postSolution
		SolutionGuid = {5A80152C-887C-4D16-8492-D25A3E3966CB}
	EndGlobalSection
EndGlobal
